PODS:
  - Alamofire (5.4.0)
  - AlamofireNetworkActivityLogger (3.4.0):
    - Alamofire (~> 5.4.0)
  - AppAuth (1.4.0):
    - AppAuth/Core (= 1.4.0)
    - AppAuth/ExternalUserAgent (= 1.4.0)
  - AppAuth/Core (1.4.0)
  - AppAuth/ExternalUserAgent (1.4.0)
  - EasyTipView (2.0.4)
  - FBSDKCoreKit (6.5.2):
    - FBSDKCoreKit/Basics (= 6.5.2)
    - FBSDKCoreKit/Core (= 6.5.2)
  - FBSDKCoreKit/Basics (6.5.2)
  - FBSDKCoreKit/Core (6.5.2):
    - FBSDKCoreKit/Basics
  - FBSDKCoreKit/Swift (6.5.2):
    - FBSDKCoreKit/Core
  - FBSDKLoginKit/Login (6.5.2):
    - FBSDKCoreKit (~> 6.5.2)
  - FBSDKLoginKit/Swift (6.5.2):
    - FBSDKCoreKit/Swift (~> 6.5.2)
    - FBSDKLoginKit/Login
  - GoogleSignIn (5.0.2):
    - AppAuth (~> 1.2)
    - GTMAppAuth (~> 1.0)
    - GTMSessionFetcher/Core (~> 1.1)
  - GTMAppAuth (1.1.0):
    - AppAuth/Core (~> 1.4)
    - GTMSessionFetcher (~> 1.4)
  - GTMSessionFetcher (1.5.0):
    - GTMSessionFetcher/Full (= 1.5.0)
  - GTMSessionFetcher/Core (1.5.0)
  - GTMSessionFetcher/Full (1.5.0):
    - GTMSessionFetcher/Core (= 1.5.0)
  - IQKeyboardManagerSwift (6.5.6)
  - KeychainSwift (19.0.0)
  - PromiseKit (6.13.1):
    - PromiseKit/CorePromise (= 6.13.1)
    - PromiseKit/Foundation (= 6.13.1)
    - PromiseKit/UIKit (= 6.13.1)
  - PromiseKit/CorePromise (6.13.1)
  - PromiseKit/Foundation (6.13.1):
    - PromiseKit/CorePromise
  - PromiseKit/UIKit (6.13.1):
    - PromiseKit/CorePromise
  - SDWebImage (5.10.0):
    - SDWebImage/Core (= 5.10.0)
  - SDWebImage/Core (5.10.0)
  - SwiftLint (0.41.0)
  - SwiftMessages (8.0.3):
    - SwiftMessages/App (= 8.0.3)
  - SwiftMessages/App (8.0.3)
  - TextFieldEffects (1.6.0)
  - UPCarouselFlowLayout (1.1.2)

DEPENDENCIES:
  - Alamofire
  - AlamofireNetworkActivityLogger
  - EasyTipView
  - FBSDKCoreKit/Swift
  - FBSDKLoginKit/Swift
  - GoogleSignIn
  - IQKeyboardManagerSwift
  - KeychainSwift
  - PromiseKit
  - SDWebImage
  - SwiftLint
  - SwiftMessages
  - TextFieldEffects
  - UPCarouselFlowLayout

SPEC REPOS:
  trunk:
    - Alamofire
    - AlamofireNetworkActivityLogger
    - AppAuth
    - EasyTipView
    - FBSDKCoreKit
    - FBSDKLoginKit
    - GoogleSignIn
    - GTMAppAuth
    - GTMSessionFetcher
    - IQKeyboardManagerSwift
    - KeychainSwift
    - PromiseKit
    - SDWebImage
    - SwiftLint
    - SwiftMessages
    - TextFieldEffects
    - UPCarouselFlowLayout

SPEC CHECKSUMS:
  Alamofire: 3b6a534a3df22db367e4dedeeca73d1ddfcf0e2f
  AlamofireNetworkActivityLogger: 162ab8aee00e6267a4304d7cc134e13ccfe3bcc5
  AppAuth: 31bcec809a638d7bd2f86ea8a52bd45f6e81e7c7
  EasyTipView: 4f8beae0a82db2ca4a9b5fd658785fc5f61d296b
  FBSDKCoreKit: ada5c8a05188daefc9addb985c52b8a1b26da519
  FBSDKLoginKit: caa165495afa29a12324cb2307fe6e5b33783142
  GoogleSignIn: 7137d297ddc022a7e0aa4619c86d72c909fa7213
  GTMAppAuth: 197a8dabfea5d665224aa00d17f164fc2248dab9
  GTMSessionFetcher: b3503b20a988c4e20cc189aa798fd18220133f52
  IQKeyboardManagerSwift: c7df9d2deb356c04522f5c4b7b6e4ce4d8ed94fe
  KeychainSwift: a06190cf933ad46b1e0abc3d77d29c06331715c7
  PromiseKit: 28fda91c973cc377875d8c0ea4f973013c05b6db
  SDWebImage: 9169792e9eec3e45bba2a0c02f74bf8bd922d1ee
  SwiftLint: c585ebd615d9520d7fbdbe151f527977b0534f1e
  SwiftMessages: 063ec9ffea3ffa7d17ba595157a9ec78e4fe045f
  TextFieldEffects: 529b8aff706fb40f82c41c780c0777941a893796
  UPCarouselFlowLayout: 4c7d2c43a10ebb1597bde502a53699d378341dad

PODFILE CHECKSUM: 6b913730ce521dedbb403aa5af5b38998cc77097

COCOAPODS: 1.10.0
